{
  "name": "test-m1",
  "version": "0.1.0",
  "lockfileVersion": 2,
  "requires": true,
  "packages": {
    "": {
      "name": "test-m1",
      "version": "0.1.0",
      "license": "MIT",
      "dependencies": {
        "rescript": "^10.0.0-dev.1"
      }
    },
    "node_modules/rescript": {
      "version": "10.0.0-dev.1",
      "resolved": "https://registry.npmjs.org/rescript/-/rescript-10.0.0-dev.1.tgz",
      "integrity": "sha512-z/OVw+SimMfszg6bk+4EvATTREV9NLg1DORZqjg745+eqJ89eKKVxBhWHTSJc4PQU0gKFCr5S6D4gahYa8UH8Q==",
      "hasInstallScript": true,
      "bin": {
        "bsb": "bsb",
        "bsc": "bsc",
        "bsrefmt": "bsrefmt",
        "bstracing": "lib/bstracing",
        "rescript": "rescript"
      }
    }
  },
  "dependencies": {
    "rescript": {
      "version": "10.0.0-dev.1",
      "resolved": "https://registry.npmjs.org/rescript/-/rescript-10.0.0-dev.1.tgz",
      "integrity": "sha512-z/OVw+SimMfszg6bk+4EvATTREV9NLg1DORZqjg745+eqJ89eKKVxBhWHTSJc4PQU0gKFCr5S6D4gahYa8UH8Q=="
    }
  }
}
