# THIS IS AN AUTOGENERATED FILE. DO NOT EDIT THIS FILE DIRECTLY.
# yarn lockfile v1


"rescript@^10.0.0-dev.1":
  "integrity" "sha512-z/OVw+SimMfszg6bk+4EvATTREV9NLg1DORZqjg745+eqJ89eKKVxBhWHTSJc4PQU0gKFCr5S6D4gahYa8UH8Q=="
  "resolved" "https://registry.npmjs.org/rescript/-/rescript-10.0.0-dev.1.tgz"
  "version" "10.0.0-dev.1"
